// !$*UTF8*$!
{
	archiveVersion = 1;
	classes = {
	};
	objectVersion = 51;
	objects = {

/* Begin PBXBuildFile section */
		1F3BACD825B40FF900AF9F7A /* AppDelegate.swift in Sources */ = {isa = PBXBuildFile; fileRef = 1F3BACD725B40FF900AF9F7A /* AppDelegate.swift */; };
		1F3BACDA25B40FF900AF9F7A /* SceneDelegate.swift in Sources */ = {isa = PBXBuildFile; fileRef = 1F3BACD925B40FF900AF9F7A /* SceneDelegate.swift */; };
		1F3BACE125B40FFA00AF9F7A /* Assets.xcassets in Resources */ = {isa = PBXBuildFile; fileRef = 1F3BACE025B40FFA00AF9F7A /* Assets.xcassets */; };
		1F3BACE425B40FFA00AF9F7A /* LaunchScreen.storyboard in Resources */ = {isa = PBXBuildFile; fileRef = 1F3BACE225B40FFA00AF9F7A /* LaunchScreen.storyboard */; };
		1F3BACEF25B40FFA00AF9F7A /* PulseAppTests.swift in Sources */ = {isa = PBXBuildFile; fileRef = 1F3BACEE25B40FFA00AF9F7A /* PulseAppTests.swift */; };
		1F3BACFA25B40FFA00AF9F7A /* PulseAppUITests.swift in Sources */ = {isa = PBXBuildFile; fileRef = 1F3BACF925B40FFA00AF9F7A /* PulseAppUITests.swift */; };
		1F4DF79325B54CE000335283 /* Extensions.swift in Sources */ = {isa = PBXBuildFile; fileRef = 1F4DF79225B54CE000335283 /* Extensions.swift */; };
		1F87C56B25B5142300FE50AE /* GoogleService-Info.plist in Resources */ = {isa = PBXBuildFile; fileRef = 1F87C56A25B5142300FE50AE /* GoogleService-Info.plist */; };
		1F9FA0FC25B920AB001A320E /* LoginVM.swift in Sources */ = {isa = PBXBuildFile; fileRef = 1F9FA0FB25B920AB001A320E /* LoginVM.swift */; };
		1F9FA10925B94A8C001A320E /* SignupVM.swift in Sources */ = {isa = PBXBuildFile; fileRef = 1F9FA10825B94A8C001A320E /* SignupVM.swift */; };
		1FAA57CC25B68751000BD490 /* LoginVC.swift in Sources */ = {isa = PBXBuildFile; fileRef = 1FAA57CB25B68751000BD490 /* LoginVC.swift */; };
		1FAA57D125B68760000BD490 /* SignupVC.swift in Sources */ = {isa = PBXBuildFile; fileRef = 1FAA57D025B68760000BD490 /* SignupVC.swift */; };
		1FAA57D625B6989E000BD490 /* InputContainerView.swift in Sources */ = {isa = PBXBuildFile; fileRef = 1FAA57D525B6989E000BD490 /* InputContainerView.swift */; };
		1FE1B46625B54F3E0087A7E3 /* ConversationsVC.swift in Sources */ = {isa = PBXBuildFile; fileRef = 1FE1B46525B54F3E0087A7E3 /* ConversationsVC.swift */; };
		6D955CBC1CA8469BD6DBABAA /* Pods_PulseApp.framework in Frameworks */ = {isa = PBXBuildFile; fileRef = 63539572BC9F455DD88C2F4C /* Pods_PulseApp.framework */; };
		86AFD4F665C3F8129C9D70B0 /* Pods_PulseAppTests.framework in Frameworks */ = {isa = PBXBuildFile; fileRef = AE562808493BC0CF709DFB2D /* Pods_PulseAppTests.framework */; };
		8B54367784BD079C139CC986 /* Pods_PulseApp_PulseAppUITests.framework in Frameworks */ = {isa = PBXBuildFile; fileRef = B28D0C975DFE92A32FFD339D /* Pods_PulseApp_PulseAppUITests.framework */; };
/* End PBXBuildFile section */

/* Begin PBXContainerItemProxy section */
		1F3BACEB25B40FFA00AF9F7A /* PBXContainerItemProxy */ = {
			isa = PBXContainerItemProxy;
			containerPortal = 1F3BACCC25B40FF900AF9F7A /* Project object */;
			proxyType = 1;
			remoteGlobalIDString = 1F3BACD325B40FF900AF9F7A;
			remoteInfo = PulseApp;
		};
		1F3BACF625B40FFA00AF9F7A /* PBXContainerItemProxy */ = {
			isa = PBXContainerItemProxy;
			containerPortal = 1F3BACCC25B40FF900AF9F7A /* Project object */;
			proxyType = 1;
			remoteGlobalIDString = 1F3BACD325B40FF900AF9F7A;
			remoteInfo = PulseApp;
		};
/* End PBXContainerItemProxy section */

/* Begin PBXFileReference section */
		160934FF1D9DD4A90A8D58F3 /* Pods-PulseAppTests.release.xcconfig */ = {isa = PBXFileReference; includeInIndex = 1; lastKnownFileType = text.xcconfig; name = "Pods-PulseAppTests.release.xcconfig"; path = "Target Support Files/Pods-PulseAppTests/Pods-PulseAppTests.release.xcconfig"; sourceTree = "<group>"; };
		16575DB6909BF34CE91C6E1D /* Pods-PulseApp.debug.xcconfig */ = {isa = PBXFileReference; includeInIndex = 1; lastKnownFileType = text.xcconfig; name = "Pods-PulseApp.debug.xcconfig"; path = "Target Support Files/Pods-PulseApp/Pods-PulseApp.debug.xcconfig"; sourceTree = "<group>"; };
		1AE366D7B698E0B776142AB3 /* Pods-PulseApp-PulseAppUITests.debug.xcconfig */ = {isa = PBXFileReference; includeInIndex = 1; lastKnownFileType = text.xcconfig; name = "Pods-PulseApp-PulseAppUITests.debug.xcconfig"; path = "Target Support Files/Pods-PulseApp-PulseAppUITests/Pods-PulseApp-PulseAppUITests.debug.xcconfig"; sourceTree = "<group>"; };
		1F3BACD425B40FF900AF9F7A /* PulseApp.app */ = {isa = PBXFileReference; explicitFileType = wrapper.application; includeInIndex = 0; path = PulseApp.app; sourceTree = BUILT_PRODUCTS_DIR; };
		1F3BACD725B40FF900AF9F7A /* AppDelegate.swift */ = {isa = PBXFileReference; lastKnownFileType = sourcecode.swift; path = AppDelegate.swift; sourceTree = "<group>"; };
		1F3BACD925B40FF900AF9F7A /* SceneDelegate.swift */ = {isa = PBXFileReference; lastKnownFileType = sourcecode.swift; path = SceneDelegate.swift; sourceTree = "<group>"; };
		1F3BACE025B40FFA00AF9F7A /* Assets.xcassets */ = {isa = PBXFileReference; lastKnownFileType = folder.assetcatalog; path = Assets.xcassets; sourceTree = "<group>"; };
		1F3BACE325B40FFA00AF9F7A /* Base */ = {isa = PBXFileReference; lastKnownFileType = file.storyboard; name = Base; path = Base.lproj/LaunchScreen.storyboard; sourceTree = "<group>"; };
		1F3BACE525B40FFA00AF9F7A /* Info.plist */ = {isa = PBXFileReference; lastKnownFileType = text.plist.xml; path = Info.plist; sourceTree = "<group>"; };
		1F3BACEA25B40FFA00AF9F7A /* PulseAppTests.xctest */ = {isa = PBXFileReference; explicitFileType = wrapper.cfbundle; includeInIndex = 0; path = PulseAppTests.xctest; sourceTree = BUILT_PRODUCTS_DIR; };
		1F3BACEE25B40FFA00AF9F7A /* PulseAppTests.swift */ = {isa = PBXFileReference; lastKnownFileType = sourcecode.swift; path = PulseAppTests.swift; sourceTree = "<group>"; };
		1F3BACF025B40FFA00AF9F7A /* Info.plist */ = {isa = PBXFileReference; lastKnownFileType = text.plist.xml; path = Info.plist; sourceTree = "<group>"; };
		1F3BACF525B40FFA00AF9F7A /* PulseAppUITests.xctest */ = {isa = PBXFileReference; explicitFileType = wrapper.cfbundle; includeInIndex = 0; path = PulseAppUITests.xctest; sourceTree = BUILT_PRODUCTS_DIR; };
		1F3BACF925B40FFA00AF9F7A /* PulseAppUITests.swift */ = {isa = PBXFileReference; lastKnownFileType = sourcecode.swift; path = PulseAppUITests.swift; sourceTree = "<group>"; };
		1F3BACFB25B40FFA00AF9F7A /* Info.plist */ = {isa = PBXFileReference; lastKnownFileType = text.plist.xml; path = Info.plist; sourceTree = "<group>"; };
		1F4DF79225B54CE000335283 /* Extensions.swift */ = {isa = PBXFileReference; lastKnownFileType = sourcecode.swift; path = Extensions.swift; sourceTree = "<group>"; };
		1F87C56A25B5142300FE50AE /* GoogleService-Info.plist */ = {isa = PBXFileReference; fileEncoding = 4; lastKnownFileType = text.plist.xml; path = "GoogleService-Info.plist"; sourceTree = "<group>"; };
		1F9FA0FB25B920AB001A320E /* LoginVM.swift */ = {isa = PBXFileReference; lastKnownFileType = sourcecode.swift; path = LoginVM.swift; sourceTree = "<group>"; };
		1F9FA10825B94A8C001A320E /* SignupVM.swift */ = {isa = PBXFileReference; lastKnownFileType = sourcecode.swift; path = SignupVM.swift; sourceTree = "<group>"; };
		1FAA57CB25B68751000BD490 /* LoginVC.swift */ = {isa = PBXFileReference; lastKnownFileType = sourcecode.swift; path = LoginVC.swift; sourceTree = "<group>"; };
		1FAA57D025B68760000BD490 /* SignupVC.swift */ = {isa = PBXFileReference; lastKnownFileType = sourcecode.swift; path = SignupVC.swift; sourceTree = "<group>"; };
		1FAA57D525B6989E000BD490 /* InputContainerView.swift */ = {isa = PBXFileReference; lastKnownFileType = sourcecode.swift; path = InputContainerView.swift; sourceTree = "<group>"; };
		1FE1B46525B54F3E0087A7E3 /* ConversationsVC.swift */ = {isa = PBXFileReference; lastKnownFileType = sourcecode.swift; path = ConversationsVC.swift; sourceTree = "<group>"; };
		2BDF0FC87BF4B91E7EE2393D /* Pods-PulseApp-PulseAppUITests.release.xcconfig */ = {isa = PBXFileReference; includeInIndex = 1; lastKnownFileType = text.xcconfig; name = "Pods-PulseApp-PulseAppUITests.release.xcconfig"; path = "Target Support Files/Pods-PulseApp-PulseAppUITests/Pods-PulseApp-PulseAppUITests.release.xcconfig"; sourceTree = "<group>"; };
		62EEB13CB6A79999DFF19A9C /* Pods-PulseAppTests.debug.xcconfig */ = {isa = PBXFileReference; includeInIndex = 1; lastKnownFileType = text.xcconfig; name = "Pods-PulseAppTests.debug.xcconfig"; path = "Target Support Files/Pods-PulseAppTests/Pods-PulseAppTests.debug.xcconfig"; sourceTree = "<group>"; };
		63539572BC9F455DD88C2F4C /* Pods_PulseApp.framework */ = {isa = PBXFileReference; explicitFileType = wrapper.framework; includeInIndex = 0; path = Pods_PulseApp.framework; sourceTree = BUILT_PRODUCTS_DIR; };
		72DB26C81156337121C6CFB2 /* Pods-PulseApp.release.xcconfig */ = {isa = PBXFileReference; includeInIndex = 1; lastKnownFileType = text.xcconfig; name = "Pods-PulseApp.release.xcconfig"; path = "Target Support Files/Pods-PulseApp/Pods-PulseApp.release.xcconfig"; sourceTree = "<group>"; };
		AE562808493BC0CF709DFB2D /* Pods_PulseAppTests.framework */ = {isa = PBXFileReference; explicitFileType = wrapper.framework; includeInIndex = 0; path = Pods_PulseAppTests.framework; sourceTree = BUILT_PRODUCTS_DIR; };
		B28D0C975DFE92A32FFD339D /* Pods_PulseApp_PulseAppUITests.framework */ = {isa = PBXFileReference; explicitFileType = wrapper.framework; includeInIndex = 0; path = Pods_PulseApp_PulseAppUITests.framework; sourceTree = BUILT_PRODUCTS_DIR; };
/* End PBXFileReference section */

/* Begin PBXFrameworksBuildPhase section */
		1F3BACD125B40FF900AF9F7A /* Frameworks */ = {
			isa = PBXFrameworksBuildPhase;
			buildActionMask = 2147483647;
			files = (
				6D955CBC1CA8469BD6DBABAA /* Pods_PulseApp.framework in Frameworks */,
			);
			runOnlyForDeploymentPostprocessing = 0;
		};
		1F3BACE725B40FFA00AF9F7A /* Frameworks */ = {
			isa = PBXFrameworksBuildPhase;
			buildActionMask = 2147483647;
			files = (
				86AFD4F665C3F8129C9D70B0 /* Pods_PulseAppTests.framework in Frameworks */,
			);
			runOnlyForDeploymentPostprocessing = 0;
		};
		1F3BACF225B40FFA00AF9F7A /* Frameworks */ = {
			isa = PBXFrameworksBuildPhase;
			buildActionMask = 2147483647;
			files = (
				8B54367784BD079C139CC986 /* Pods_PulseApp_PulseAppUITests.framework in Frameworks */,
			);
			runOnlyForDeploymentPostprocessing = 0;
		};
/* End PBXFrameworksBuildPhase section */

/* Begin PBXGroup section */
		1F3BACCB25B40FF900AF9F7A = {
			isa = PBXGroup;
			children = (
				1F3BACD625B40FF900AF9F7A /* PulseApp */,
				1F3BACED25B40FFA00AF9F7A /* PulseAppTests */,
				1F3BACF825B40FFA00AF9F7A /* PulseAppUITests */,
				1F3BACD525B40FF900AF9F7A /* Products */,
				937123594A2F5F174DC85700 /* Pods */,
				B2EEDE10C243FB1B4DBB8FA4 /* Frameworks */,
			);
			sourceTree = "<group>";
		};
		1F3BACD525B40FF900AF9F7A /* Products */ = {
			isa = PBXGroup;
			children = (
				1F3BACD425B40FF900AF9F7A /* PulseApp.app */,
				1F3BACEA25B40FFA00AF9F7A /* PulseAppTests.xctest */,
				1F3BACF525B40FFA00AF9F7A /* PulseAppUITests.xctest */,
			);
			name = Products;
			sourceTree = "<group>";
		};
		1F3BACD625B40FF900AF9F7A /* PulseApp */ = {
			isa = PBXGroup;
			children = (
				1FE1B46425B54EF40087A7E3 /* Utils */,
				1FE1B46325B54EEF0087A7E3 /* Api */,
				1FE1B46225B54EE70087A7E3 /* Controller */,
				1FE1B46125B54EDE0087A7E3 /* ViewModel */,
				1FE1B46025B54ED40087A7E3 /* View */,
				1FE1B45F25B54ECE0087A7E3 /* Model */,
				1F4DF79125B54CD200335283 /* Extensions */,
				1F87C56A25B5142300FE50AE /* GoogleService-Info.plist */,
				1F3BACD725B40FF900AF9F7A /* AppDelegate.swift */,
				1F3BACD925B40FF900AF9F7A /* SceneDelegate.swift */,
				1F3BACE025B40FFA00AF9F7A /* Assets.xcassets */,
				1F3BACE225B40FFA00AF9F7A /* LaunchScreen.storyboard */,
				1F3BACE525B40FFA00AF9F7A /* Info.plist */,
			);
			path = PulseApp;
			sourceTree = "<group>";
		};
		1F3BACED25B40FFA00AF9F7A /* PulseAppTests */ = {
			isa = PBXGroup;
			children = (
				1F3BACEE25B40FFA00AF9F7A /* PulseAppTests.swift */,
				1F3BACF025B40FFA00AF9F7A /* Info.plist */,
			);
			path = PulseAppTests;
			sourceTree = "<group>";
		};
		1F3BACF825B40FFA00AF9F7A /* PulseAppUITests */ = {
			isa = PBXGroup;
			children = (
				1F3BACF925B40FFA00AF9F7A /* PulseAppUITests.swift */,
				1F3BACFB25B40FFA00AF9F7A /* Info.plist */,
			);
			path = PulseAppUITests;
			sourceTree = "<group>";
		};
		1F4DF79125B54CD200335283 /* Extensions */ = {
			isa = PBXGroup;
			children = (
				1F4DF79225B54CE000335283 /* Extensions.swift */,
			);
			path = Extensions;
			sourceTree = "<group>";
		};
		1FAA57CA25B68727000BD490 /* Authentication */ = {
			isa = PBXGroup;
			children = (
				1FAA57CB25B68751000BD490 /* LoginVC.swift */,
				1FAA57D025B68760000BD490 /* SignupVC.swift */,
			);
			path = Authentication;
			sourceTree = "<group>";
		};
		1FE1B45F25B54ECE0087A7E3 /* Model */ = {
			isa = PBXGroup;
			children = (
			);
			path = Model;
			sourceTree = "<group>";
		};
		1FE1B46025B54ED40087A7E3 /* View */ = {
			isa = PBXGroup;
			children = (
				1FAA57D525B6989E000BD490 /* InputContainerView.swift */,
			);
			path = View;
			sourceTree = "<group>";
		};
		1FE1B46125B54EDE0087A7E3 /* ViewModel */ = {
			isa = PBXGroup;
			children = (
				1F9FA0FB25B920AB001A320E /* LoginVM.swift */,
				1F9FA10825B94A8C001A320E /* SignupVM.swift */,
			);
			path = ViewModel;
			sourceTree = "<group>";
		};
		1FE1B46225B54EE70087A7E3 /* Controller */ = {
			isa = PBXGroup;
			children = (
				1FAA57CA25B68727000BD490 /* Authentication */,
				1FE1B46525B54F3E0087A7E3 /* ConversationsVC.swift */,
			);
			path = Controller;
			sourceTree = "<group>";
		};
		1FE1B46325B54EEF0087A7E3 /* Api */ = {
			isa = PBXGroup;
			children = (
			);
			path = Api;
			sourceTree = "<group>";
		};
		1FE1B46425B54EF40087A7E3 /* Utils */ = {
			isa = PBXGroup;
			children = (
			);
			path = Utils;
			sourceTree = "<group>";
		};
		937123594A2F5F174DC85700 /* Pods */ = {
			isa = PBXGroup;
			children = (
				16575DB6909BF34CE91C6E1D /* Pods-PulseApp.debug.xcconfig */,
				72DB26C81156337121C6CFB2 /* Pods-PulseApp.release.xcconfig */,
				1AE366D7B698E0B776142AB3 /* Pods-PulseApp-PulseAppUITests.debug.xcconfig */,
				2BDF0FC87BF4B91E7EE2393D /* Pods-PulseApp-PulseAppUITests.release.xcconfig */,
				62EEB13CB6A79999DFF19A9C /* Pods-PulseAppTests.debug.xcconfig */,
				160934FF1D9DD4A90A8D58F3 /* Pods-PulseAppTests.release.xcconfig */,
			);
			path = Pods;
			sourceTree = "<group>";
		};
		B2EEDE10C243FB1B4DBB8FA4 /* Frameworks */ = {
			isa = PBXGroup;
			children = (
				63539572BC9F455DD88C2F4C /* Pods_PulseApp.framework */,
				B28D0C975DFE92A32FFD339D /* Pods_PulseApp_PulseAppUITests.framework */,
				AE562808493BC0CF709DFB2D /* Pods_PulseAppTests.framework */,
			);
			name = Frameworks;
			sourceTree = "<group>";
		};
/* End PBXGroup section */

/* Begin PBXNativeTarget section */
		1F3BACD325B40FF900AF9F7A /* PulseApp */ = {
			isa = PBXNativeTarget;
			buildConfigurationList = 1F3BACFE25B40FFA00AF9F7A /* Build configuration list for PBXNativeTarget "PulseApp" */;
			buildPhases = (
				BEAE8A5298386375202B41A3 /* [CP] Check Pods Manifest.lock */,
				1F3BACD025B40FF900AF9F7A /* Sources */,
				1F3BACD125B40FF900AF9F7A /* Frameworks */,
				1F3BACD225B40FF900AF9F7A /* Resources */,
				3AAC70B6A02FBF98E83B7EFA /* [CP] Embed Pods Frameworks */,
			);
			buildRules = (
			);
			dependencies = (
			);
			name = PulseApp;
			productName = PulseApp;
			productReference = 1F3BACD425B40FF900AF9F7A /* PulseApp.app */;
			productType = "com.apple.product-type.application";
		};
		1F3BACE925B40FFA00AF9F7A /* PulseAppTests */ = {
			isa = PBXNativeTarget;
			buildConfigurationList = 1F3BAD0125B40FFA00AF9F7A /* Build configuration list for PBXNativeTarget "PulseAppTests" */;
			buildPhases = (
				BDC2E0D7F187F24E70D7C03B /* [CP] Check Pods Manifest.lock */,
				1F3BACE625B40FFA00AF9F7A /* Sources */,
				1F3BACE725B40FFA00AF9F7A /* Frameworks */,
				1F3BACE825B40FFA00AF9F7A /* Resources */,
			);
			buildRules = (
			);
			dependencies = (
				1F3BACEC25B40FFA00AF9F7A /* PBXTargetDependency */,
			);
			name = PulseAppTests;
			productName = PulseAppTests;
			productReference = 1F3BACEA25B40FFA00AF9F7A /* PulseAppTests.xctest */;
			productType = "com.apple.product-type.bundle.unit-test";
		};
		1F3BACF425B40FFA00AF9F7A /* PulseAppUITests */ = {
			isa = PBXNativeTarget;
			buildConfigurationList = 1F3BAD0425B40FFA00AF9F7A /* Build configuration list for PBXNativeTarget "PulseAppUITests" */;
			buildPhases = (
				E6B6B1A23FDDCD57EE6D163D /* [CP] Check Pods Manifest.lock */,
				1F3BACF125B40FFA00AF9F7A /* Sources */,
				1F3BACF225B40FFA00AF9F7A /* Frameworks */,
				1F3BACF325B40FFA00AF9F7A /* Resources */,
				C90EF22126F745AAE494998B /* [CP] Embed Pods Frameworks */,
			);
			buildRules = (
			);
			dependencies = (
				1F3BACF725B40FFA00AF9F7A /* PBXTargetDependency */,
			);
			name = PulseAppUITests;
			productName = PulseAppUITests;
			productReference = 1F3BACF525B40FFA00AF9F7A /* PulseAppUITests.xctest */;
			productType = "com.apple.product-type.bundle.ui-testing";
		};
/* End PBXNativeTarget section */

/* Begin PBXProject section */
		1F3BACCC25B40FF900AF9F7A /* Project object */ = {
			isa = PBXProject;
			attributes = {
				LastSwiftUpdateCheck = 1230;
				LastUpgradeCheck = 1230;
				TargetAttributes = {
					1F3BACD325B40FF900AF9F7A = {
						CreatedOnToolsVersion = 12.3;
					};
					1F3BACE925B40FFA00AF9F7A = {
						CreatedOnToolsVersion = 12.3;
						TestTargetID = 1F3BACD325B40FF900AF9F7A;
					};
					1F3BACF425B40FFA00AF9F7A = {
						CreatedOnToolsVersion = 12.3;
						TestTargetID = 1F3BACD325B40FF900AF9F7A;
					};
				};
			};
			buildConfigurationList = 1F3BACCF25B40FF900AF9F7A /* Build configuration list for PBXProject "PulseApp" */;
			compatibilityVersion = "Xcode 9.3";
			developmentRegion = en;
			hasScannedForEncodings = 0;
			knownRegions = (
				en,
				Base,
			);
			mainGroup = 1F3BACCB25B40FF900AF9F7A;
			productRefGroup = 1F3BACD525B40FF900AF9F7A /* Products */;
			projectDirPath = "";
			projectRoot = "";
			targets = (
				1F3BACD325B40FF900AF9F7A /* PulseApp */,
				1F3BACE925B40FFA00AF9F7A /* PulseAppTests */,
				1F3BACF425B40FFA00AF9F7A /* PulseAppUITests */,
			);
		};
/* End PBXProject section */

/* Begin PBXResourcesBuildPhase section */
		1F3BACD225B40FF900AF9F7A /* Resources */ = {
			isa = PBXResourcesBuildPhase;
			buildActionMask = 2147483647;
			files = (
				1F3BACE425B40FFA00AF9F7A /* LaunchScreen.storyboard in Resources */,
				1F87C56B25B5142300FE50AE /* GoogleService-Info.plist in Resources */,
				1F3BACE125B40FFA00AF9F7A /* Assets.xcassets in Resources */,
			);
			runOnlyForDeploymentPostprocessing = 0;
		};
		1F3BACE825B40FFA00AF9F7A /* Resources */ = {
			isa = PBXResourcesBuildPhase;
			buildActionMask = 2147483647;
			files = (
			);
			runOnlyForDeploymentPostprocessing = 0;
		};
		1F3BACF325B40FFA00AF9F7A /* Resources */ = {
			isa = PBXResourcesBuildPhase;
			buildActionMask = 2147483647;
			files = (
			);
			runOnlyForDeploymentPostprocessing = 0;
		};
/* End PBXResourcesBuildPhase section */

/* Begin PBXShellScriptBuildPhase section */
		3AAC70B6A02FBF98E83B7EFA /* [CP] Embed Pods Frameworks */ = {
			isa = PBXShellScriptBuildPhase;
			buildActionMask = 2147483647;
			files = (
			);
			inputFileListPaths = (
				"${PODS_ROOT}/Target Support Files/Pods-PulseApp/Pods-PulseApp-frameworks-${CONFIGURATION}-input-files.xcfilelist",
			);
			name = "[CP] Embed Pods Frameworks";
			outputFileListPaths = (
				"${PODS_ROOT}/Target Support Files/Pods-PulseApp/Pods-PulseApp-frameworks-${CONFIGURATION}-output-files.xcfilelist",
			);
			runOnlyForDeploymentPostprocessing = 0;
			shellPath = /bin/sh;
			shellScript = "\"${PODS_ROOT}/Target Support Files/Pods-PulseApp/Pods-PulseApp-frameworks.sh\"\n";
			showEnvVarsInLog = 0;
		};
		BDC2E0D7F187F24E70D7C03B /* [CP] Check Pods Manifest.lock */ = {
			isa = PBXShellScriptBuildPhase;
			buildActionMask = 2147483647;
			files = (
			);
			inputFileListPaths = (
			);
			inputPaths = (
				"${PODS_PODFILE_DIR_PATH}/Podfile.lock",
				"${PODS_ROOT}/Manifest.lock",
			);
			name = "[CP] Check Pods Manifest.lock";
			outputFileListPaths = (
			);
			outputPaths = (
				"$(DERIVED_FILE_DIR)/Pods-PulseAppTests-checkManifestLockResult.txt",
			);
			runOnlyForDeploymentPostprocessing = 0;
			shellPath = /bin/sh;
			shellScript = "diff \"${PODS_PODFILE_DIR_PATH}/Podfile.lock\" \"${PODS_ROOT}/Manifest.lock\" > /dev/null\nif [ $? != 0 ] ; then\n    # print error to STDERR\n    echo \"error: The sandbox is not in sync with the Podfile.lock. Run 'pod install' or update your CocoaPods installation.\" >&2\n    exit 1\nfi\n# This output is used by Xcode 'outputs' to avoid re-running this script phase.\necho \"SUCCESS\" > \"${SCRIPT_OUTPUT_FILE_0}\"\n";
			showEnvVarsInLog = 0;
		};
		BEAE8A5298386375202B41A3 /* [CP] Check Pods Manifest.lock */ = {
			isa = PBXShellScriptBuildPhase;
			buildActionMask = 2147483647;
			files = (
			);
			inputFileListPaths = (
			);
			inputPaths = (
				"${PODS_PODFILE_DIR_PATH}/Podfile.lock",
				"${PODS_ROOT}/Manifest.lock",
			);
			name = "[CP] Check Pods Manifest.lock";
			outputFileListPaths = (
			);
			outputPaths = (
				"$(DERIVED_FILE_DIR)/Pods-PulseApp-checkManifestLockResult.txt",
			);
			runOnlyForDeploymentPostprocessing = 0;
			shellPath = /bin/sh;
			shellScript = "diff \"${PODS_PODFILE_DIR_PATH}/Podfile.lock\" \"${PODS_ROOT}/Manifest.lock\" > /dev/null\nif [ $? != 0 ] ; then\n    # print error to STDERR\n    echo \"error: The sandbox is not in sync with the Podfile.lock. Run 'pod install' or update your CocoaPods installation.\" >&2\n    exit 1\nfi\n# This output is used by Xcode 'outputs' to avoid re-running this script phase.\necho \"SUCCESS\" > \"${SCRIPT_OUTPUT_FILE_0}\"\n";
			showEnvVarsInLog = 0;
		};
		C90EF22126F745AAE494998B /* [CP] Embed Pods Frameworks */ = {
			isa = PBXShellScriptBuildPhase;
			buildActionMask = 2147483647;
			files = (
			);
			inputFileListPaths = (
				"${PODS_ROOT}/Target Support Files/Pods-PulseApp-PulseAppUITests/Pods-PulseApp-PulseAppUITests-frameworks-${CONFIGURATION}-input-files.xcfilelist",
			);
			name = "[CP] Embed Pods Frameworks";
			outputFileListPaths = (
				"${PODS_ROOT}/Target Support Files/Pods-PulseApp-PulseAppUITests/Pods-PulseApp-PulseAppUITests-frameworks-${CONFIGURATION}-output-files.xcfilelist",
			);
			runOnlyForDeploymentPostprocessing = 0;
			shellPath = /bin/sh;
			shellScript = "\"${PODS_ROOT}/Target Support Files/Pods-PulseApp-PulseAppUITests/Pods-PulseApp-PulseAppUITests-frameworks.sh\"\n";
			showEnvVarsInLog = 0;
		};
		E6B6B1A23FDDCD57EE6D163D /* [CP] Check Pods Manifest.lock */ = {
			isa = PBXShellScriptBuildPhase;
			buildActionMask = 2147483647;
			files = (
			);
			inputFileListPaths = (
			);
			inputPaths = (
				"${PODS_PODFILE_DIR_PATH}/Podfile.lock",
				"${PODS_ROOT}/Manifest.lock",
			);
			name = "[CP] Check Pods Manifest.lock";
			outputFileListPaths = (
			);
			outputPaths = (
				"$(DERIVED_FILE_DIR)/Pods-PulseApp-PulseAppUITests-checkManifestLockResult.txt",
			);
			runOnlyForDeploymentPostprocessing = 0;
			shellPath = /bin/sh;
			shellScript = "diff \"${PODS_PODFILE_DIR_PATH}/Podfile.lock\" \"${PODS_ROOT}/Manifest.lock\" > /dev/null\nif [ $? != 0 ] ; then\n    # print error to STDERR\n    echo \"error: The sandbox is not in sync with the Podfile.lock. Run 'pod install' or update your CocoaPods installation.\" >&2\n    exit 1\nfi\n# This output is used by Xcode 'outputs' to avoid re-running this script phase.\necho \"SUCCESS\" > \"${SCRIPT_OUTPUT_FILE_0}\"\n";
			showEnvVarsInLog = 0;
		};
/* End PBXShellScriptBuildPhase section */

/* Begin PBXSourcesBuildPhase section */
		1F3BACD025B40FF900AF9F7A /* Sources */ = {
			isa = PBXSourcesBuildPhase;
			buildActionMask = 2147483647;
			files = (
				1FAA57D125B68760000BD490 /* SignupVC.swift in Sources */,
				1F3BACD825B40FF900AF9F7A /* AppDelegate.swift in Sources */,
				1FAA57D625B6989E000BD490 /* InputContainerView.swift in Sources */,
				1F9FA10925B94A8C001A320E /* SignupVM.swift in Sources */,
				1F3BACDA25B40FF900AF9F7A /* SceneDelegate.swift in Sources */,
				1F9FA0FC25B920AB001A320E /* LoginVM.swift in Sources */,
				1F4DF79325B54CE000335283 /* Extensions.swift in Sources */,
				1FE1B46625B54F3E0087A7E3 /* ConversationsVC.swift in Sources */,
				1FAA57CC25B68751000BD490 /* LoginVC.swift in Sources */,
			);
			runOnlyForDeploymentPostprocessing = 0;
		};
		1F3BACE625B40FFA00AF9F7A /* Sources */ = {
			isa = PBXSourcesBuildPhase;
			buildActionMask = 2147483647;
			files = (
				1F3BACEF25B40FFA00AF9F7A /* PulseAppTests.swift in Sources */,
			);
			runOnlyForDeploymentPostprocessing = 0;
		};
		1F3BACF125B40FFA00AF9F7A /* Sources */ = {
			isa = PBXSourcesBuildPhase;
			buildActionMask = 2147483647;
			files = (
				1F3BACFA25B40FFA00AF9F7A /* PulseAppUITests.swift in Sources */,
			);
			runOnlyForDeploymentPostprocessing = 0;
		};
/* End PBXSourcesBuildPhase section */

/* Begin PBXTargetDependency section */
		1F3BACEC25B40FFA00AF9F7A /* PBXTargetDependency */ = {
			isa = PBXTargetDependency;
			target = 1F3BACD325B40FF900AF9F7A /* PulseApp */;
			targetProxy = 1F3BACEB25B40FFA00AF9F7A /* PBXContainerItemProxy */;
		};
		1F3BACF725B40FFA00AF9F7A /* PBXTargetDependency */ = {
			isa = PBXTargetDependency;
			target = 1F3BACD325B40FF900AF9F7A /* PulseApp */;
			targetProxy = 1F3BACF625B40FFA00AF9F7A /* PBXContainerItemProxy */;
		};
/* End PBXTargetDependency section */

/* Begin PBXVariantGroup section */
		1F3BACE225B40FFA00AF9F7A /* LaunchScreen.storyboard */ = {
			isa = PBXVariantGroup;
			children = (
				1F3BACE325B40FFA00AF9F7A /* Base */,
			);
			name = LaunchScreen.storyboard;
			sourceTree = "<group>";
		};
/* End PBXVariantGroup section */

/* Begin XCBuildConfiguration section */
		1F3BACFC25B40FFA00AF9F7A /* Debug */ = {
			isa = XCBuildConfiguration;
			buildSettings = {
				ALWAYS_SEARCH_USER_PATHS = NO;
				CLANG_ANALYZER_NONNULL = YES;
				CLANG_ANALYZER_NUMBER_OBJECT_CONVERSION = YES_AGGRESSIVE;
				CLANG_CXX_LANGUAGE_STANDARD = "gnu++14";
				CLANG_CXX_LIBRARY = "libc++";
				CLANG_ENABLE_MODULES = YES;
				CLANG_ENABLE_OBJC_ARC = YES;
				CLANG_ENABLE_OBJC_WEAK = YES;
				CLANG_WARN_BLOCK_CAPTURE_AUTORELEASING = YES;
				CLANG_WARN_BOOL_CONVERSION = YES;
				CLANG_WARN_COMMA = YES;
				CLANG_WARN_CONSTANT_CONVERSION = YES;
				CLANG_WARN_DEPRECATED_OBJC_IMPLEMENTATIONS = YES;
				CLANG_WARN_DIRECT_OBJC_ISA_USAGE = YES_ERROR;
				CLANG_WARN_DOCUMENTATION_COMMENTS = YES;
				CLANG_WARN_EMPTY_BODY = YES;
				CLANG_WARN_ENUM_CONVERSION = YES;
				CLANG_WARN_INFINITE_RECURSION = YES;
				CLANG_WARN_INT_CONVERSION = YES;
				CLANG_WARN_NON_LITERAL_NULL_CONVERSION = YES;
				CLANG_WARN_OBJC_IMPLICIT_RETAIN_SELF = YES;
				CLANG_WARN_OBJC_LITERAL_CONVERSION = YES;
				CLANG_WARN_OBJC_ROOT_CLASS = YES_ERROR;
				CLANG_WARN_QUOTED_INCLUDE_IN_FRAMEWORK_HEADER = YES;
				CLANG_WARN_RANGE_LOOP_ANALYSIS = YES;
				CLANG_WARN_STRICT_PROTOTYPES = YES;
				CLANG_WARN_SUSPICIOUS_MOVE = YES;
				CLANG_WARN_UNGUARDED_AVAILABILITY = YES_AGGRESSIVE;
				CLANG_WARN_UNREACHABLE_CODE = YES;
				CLANG_WARN__DUPLICATE_METHOD_MATCH = YES;
				COPY_PHASE_STRIP = NO;
				DEBUG_INFORMATION_FORMAT = dwarf;
				ENABLE_STRICT_OBJC_MSGSEND = YES;
				ENABLE_TESTABILITY = YES;
				GCC_C_LANGUAGE_STANDARD = gnu11;
				GCC_DYNAMIC_NO_PIC = NO;
				GCC_NO_COMMON_BLOCKS = YES;
				GCC_OPTIMIZATION_LEVEL = 0;
				GCC_PREPROCESSOR_DEFINITIONS = (
					"DEBUG=1",
					"$(inherited)",
				);
				GCC_WARN_64_TO_32_BIT_CONVERSION = YES;
				GCC_WARN_ABOUT_RETURN_TYPE = YES_ERROR;
				GCC_WARN_UNDECLARED_SELECTOR = YES;
				GCC_WARN_UNINITIALIZED_AUTOS = YES_AGGRESSIVE;
				GCC_WARN_UNUSED_FUNCTION = YES;
				GCC_WARN_UNUSED_VARIABLE = YES;
				IPHONEOS_DEPLOYMENT_TARGET = 14.3;
				MTL_ENABLE_DEBUG_INFO = INCLUDE_SOURCE;
				MTL_FAST_MATH = YES;
				ONLY_ACTIVE_ARCH = YES;
				SDKROOT = iphoneos;
				SWIFT_ACTIVE_COMPILATION_CONDITIONS = DEBUG;
				SWIFT_OPTIMIZATION_LEVEL = "-Onone";
			};
			name = Debug;
		};
		1F3BACFD25B40FFA00AF9F7A /* Release */ = {
			isa = XCBuildConfiguration;
			buildSettings = {
				ALWAYS_SEARCH_USER_PATHS = NO;
				CLANG_ANALYZER_NONNULL = YES;
				CLANG_ANALYZER_NUMBER_OBJECT_CONVERSION = YES_AGGRESSIVE;
				CLANG_CXX_LANGUAGE_STANDARD = "gnu++14";
				CLANG_CXX_LIBRARY = "libc++";
				CLANG_ENABLE_MODULES = YES;
				CLANG_ENABLE_OBJC_ARC = YES;
				CLANG_ENABLE_OBJC_WEAK = YES;
				CLANG_WARN_BLOCK_CAPTURE_AUTORELEASING = YES;
				CLANG_WARN_BOOL_CONVERSION = YES;
				CLANG_WARN_COMMA = YES;
				CLANG_WARN_CONSTANT_CONVERSION = YES;
				CLANG_WARN_DEPRECATED_OBJC_IMPLEMENTATIONS = YES;
				CLANG_WARN_DIRECT_OBJC_ISA_USAGE = YES_ERROR;
				CLANG_WARN_DOCUMENTATION_COMMENTS = YES;
				CLANG_WARN_EMPTY_BODY = YES;
				CLANG_WARN_ENUM_CONVERSION = YES;
				CLANG_WARN_INFINITE_RECURSION = YES;
				CLANG_WARN_INT_CONVERSION = YES;
				CLANG_WARN_NON_LITERAL_NULL_CONVERSION = YES;
				CLANG_WARN_OBJC_IMPLICIT_RETAIN_SELF = YES;
				CLANG_WARN_OBJC_LITERAL_CONVERSION = YES;
				CLANG_WARN_OBJC_ROOT_CLASS = YES_ERROR;
				CLANG_WARN_QUOTED_INCLUDE_IN_FRAMEWORK_HEADER = YES;
				CLANG_WARN_RANGE_LOOP_ANALYSIS = YES;
				CLANG_WARN_STRICT_PROTOTYPES = YES;
				CLANG_WARN_SUSPICIOUS_MOVE = YES;
				CLANG_WARN_UNGUARDED_AVAILABILITY = YES_AGGRESSIVE;
				CLANG_WARN_UNREACHABLE_CODE = YES;
				CLANG_WARN__DUPLICATE_METHOD_MATCH = YES;
				COPY_PHASE_STRIP = NO;
				DEBUG_INFORMATION_FORMAT = "dwarf-with-dsym";
				ENABLE_NS_ASSERTIONS = NO;
				ENABLE_STRICT_OBJC_MSGSEND = YES;
				GCC_C_LANGUAGE_STANDARD = gnu11;
				GCC_NO_COMMON_BLOCKS = YES;
				GCC_WARN_64_TO_32_BIT_CONVERSION = YES;
				GCC_WARN_ABOUT_RETURN_TYPE = YES_ERROR;
				GCC_WARN_UNDECLARED_SELECTOR = YES;
				GCC_WARN_UNINITIALIZED_AUTOS = YES_AGGRESSIVE;
				GCC_WARN_UNUSED_FUNCTION = YES;
				GCC_WARN_UNUSED_VARIABLE = YES;
				IPHONEOS_DEPLOYMENT_TARGET = 14.3;
				MTL_ENABLE_DEBUG_INFO = NO;
				MTL_FAST_MATH = YES;
				SDKROOT = iphoneos;
				SWIFT_COMPILATION_MODE = wholemodule;
				SWIFT_OPTIMIZATION_LEVEL = "-O";
				VALIDATE_PRODUCT = YES;
			};
			name = Release;
		};
		1F3BACFF25B40FFA00AF9F7A /* Debug */ = {
			isa = XCBuildConfiguration;
			baseConfigurationReference = 16575DB6909BF34CE91C6E1D /* Pods-PulseApp.debug.xcconfig */;
			buildSettings = {
				ASSETCATALOG_COMPILER_APPICON_NAME = AppIcon;
				ASSETCATALOG_COMPILER_GLOBAL_ACCENT_COLOR_NAME = AccentColor;
				CODE_SIGN_STYLE = Automatic;
				DEVELOPMENT_TEAM = SNTB2L8C6Q;
				INFOPLIST_FILE = PulseApp/Info.plist;
				LD_RUNPATH_SEARCH_PATHS = (
					"$(inherited)",
					"@executable_path/Frameworks",
				);
				PRODUCT_BUNDLE_IDENTIFIER = com.hcdev.PulseApp;
				PRODUCT_NAME = "$(TARGET_NAME)";
				SWIFT_VERSION = 5.0;
				TARGETED_DEVICE_FAMILY = "1,2";
			};
			name = Debug;
		};
		1F3BAD0025B40FFA00AF9F7A /* Release */ = {
			isa = XCBuildConfiguration;
			baseConfigurationReference = 72DB26C81156337121C6CFB2 /* Pods-PulseApp.release.xcconfig */;
			buildSettings = {
				ASSETCATALOG_COMPILER_APPICON_NAME = AppIcon;
				ASSETCATALOG_COMPILER_GLOBAL_ACCENT_COLOR_NAME = AccentColor;
				CODE_SIGN_STYLE = Automatic;
				DEVELOPMENT_TEAM = SNTB2L8C6Q;
				INFOPLIST_FILE = PulseApp/Info.plist;
				LD_RUNPATH_SEARCH_PATHS = (
					"$(inherited)",
					"@executable_path/Frameworks",
				);
				PRODUCT_BUNDLE_IDENTIFIER = com.hcdev.PulseApp;
				PRODUCT_NAME = "$(TARGET_NAME)";
				SWIFT_VERSION = 5.0;
				TARGETED_DEVICE_FAMILY = "1,2";
			};
			name = Release;
		};
		1F3BAD0225B40FFA00AF9F7A /* Debug */ = {
			isa = XCBuildConfiguration;
			baseConfigurationReference = 62EEB13CB6A79999DFF19A9C /* Pods-PulseAppTests.debug.xcconfig */;
			buildSettings = {
				ALWAYS_EMBED_SWIFT_STANDARD_LIBRARIES = YES;
				BUNDLE_LOADER = "$(TEST_HOST)";
				CODE_SIGN_STYLE = Automatic;
				DEVELOPMENT_TEAM = SNTB2L8C6Q;
				INFOPLIST_FILE = PulseAppTests/Info.plist;
				IPHONEOS_DEPLOYMENT_TARGET = 14.3;
				LD_RUNPATH_SEARCH_PATHS = (
					"$(inherited)",
					"@executable_path/Frameworks",
					"@loader_path/Frameworks",
				);
				PRODUCT_BUNDLE_IDENTIFIER = com.Pulse.PulseAppTests;
				PRODUCT_NAME = "$(TARGET_NAME)";
				SWIFT_VERSION = 5.0;
				TARGETED_DEVICE_FAMILY = "1,2";
				TEST_HOST = "$(BUILT_PRODUCTS_DIR)/PulseApp.app/PulseApp";
			};
			name = Debug;
		};
		1F3BAD0325B40FFA00AF9F7A /* Release */ = {
			isa = XCBuildConfiguration;
			baseConfigurationReference = 160934FF1D9DD4A90A8D58F3 /* Pods-PulseAppTests.release.xcconfig */;
			buildSettings = {
				ALWAYS_EMBED_SWIFT_STANDARD_LIBRARIES = YES;
				BUNDLE_LOADER = "$(TEST_HOST)";
				CODE_SIGN_STYLE = Automatic;
				DEVELOPMENT_TEAM = SNTB2L8C6Q;
				INFOPLIST_FILE = PulseAppTests/Info.plist;
				IPHONEOS_DEPLOYMENT_TARGET = 14.3;
				LD_RUNPATH_SEARCH_PATHS = (
					"$(inherited)",
					"@executable_path/Frameworks",
					"@loader_path/Frameworks",
				);
				PRODUCT_BUNDLE_IDENTIFIER = com.Pulse.PulseAppTests;
				PRODUCT_NAME = "$(TARGET_NAME)";
				SWIFT_VERSION = 5.0;
				TARGETED_DEVICE_FAMILY = "1,2";
				TEST_HOST = "$(BUILT_PRODUCTS_DIR)/PulseApp.app/PulseApp";
			};
			name = Release;
		};
		1F3BAD0525B40FFA00AF9F7A /* Debug */ = {
			isa = XCBuildConfiguration;
			baseConfigurationReference = 1AE366D7B698E0B776142AB3 /* Pods-PulseApp-PulseAppUITests.debug.xcconfig */;
			buildSettings = {
				ALWAYS_EMBED_SWIFT_STANDARD_LIBRARIES = YES;
				CODE_SIGN_STYLE = Automatic;
				DEVELOPMENT_TEAM = SNTB2L8C6Q;
				INFOPLIST_FILE = PulseAppUITests/Info.plist;
				LD_RUNPATH_SEARCH_PATHS = (
					"$(inherited)",
					"@executable_path/Frameworks",
					"@loader_path/Frameworks",
				);
				PRODUCT_BUNDLE_IDENTIFIER = com.Pulse.PulseAppUITests;
				PRODUCT_NAME = "$(TARGET_NAME)";
				SWIFT_VERSION = 5.0;
				TARGETED_DEVICE_FAMILY = "1,2";
				TEST_TARGET_NAME = PulseApp;
			};
			name = Debug;
		};
		1F3BAD0625B40FFA00AF9F7A /* Release */ = {
			isa = XCBuildConfiguration;
			baseConfigurationReference = 2BDF0FC87BF4B91E7EE2393D /* Pods-PulseApp-PulseAppUITests.release.xcconfig */;
			buildSettings = {
				ALWAYS_EMBED_SWIFT_STANDARD_LIBRARIES = YES;
				CODE_SIGN_STYLE = Automatic;
				DEVELOPMENT_TEAM = SNTB2L8C6Q;
				INFOPLIST_FILE = PulseAppUITests/Info.plist;
				LD_RUNPATH_SEARCH_PATHS = (
					"$(inherited)",
					"@executable_path/Frameworks",
					"@loader_path/Frameworks",
				);
				PRODUCT_BUNDLE_IDENTIFIER = com.Pulse.PulseAppUITests;
				PRODUCT_NAME = "$(TARGET_NAME)";
				SWIFT_VERSION = 5.0;
				TARGETED_DEVICE_FAMILY = "1,2";
				TEST_TARGET_NAME = PulseApp;
			};
			name = Release;
		};
/* End XCBuildConfiguration section */

/* Begin XCConfigurationList section */
		1F3BACCF25B40FF900AF9F7A /* Build configuration list for PBXProject "PulseApp" */ = {
			isa = XCConfigurationList;
			buildConfigurations = (
				1F3BACFC25B40FFA00AF9F7A /* Debug */,
				1F3BACFD25B40FFA00AF9F7A /* Release */,
			);
			defaultConfigurationIsVisible = 0;
			defaultConfigurationName = Release;
		};
		1F3BACFE25B40FFA00AF9F7A /* Build configuration list for PBXNativeTarget "PulseApp" */ = {
			isa = XCConfigurationList;
			buildConfigurations = (
				1F3BACFF25B40FFA00AF9F7A /* Debug */,
				1F3BAD0025B40FFA00AF9F7A /* Release */,
			);
			defaultConfigurationIsVisible = 0;
			defaultConfigurationName = Release;
		};
		1F3BAD0125B40FFA00AF9F7A /* Build configuration list for PBXNativeTarget "PulseAppTests" */ = {
			isa = XCConfigurationList;
			buildConfigurations = (
				1F3BAD0225B40FFA00AF9F7A /* Debug */,
				1F3BAD0325B40FFA00AF9F7A /* Release */,
			);
			defaultConfigurationIsVisible = 0;
			defaultConfigurationName = Release;
		};
		1F3BAD0425B40FFA00AF9F7A /* Build configuration list for PBXNativeTarget "PulseAppUITests" */ = {
			isa = XCConfigurationList;
			buildConfigurations = (
				1F3BAD0525B40FFA00AF9F7A /* Debug */,
				1F3BAD0625B40FFA00AF9F7A /* Release */,
			);
			defaultConfigurationIsVisible = 0;
			defaultConfigurationName = Release;
		};
/* End XCConfigurationList section */
	};
	rootObject = 1F3BACCC25B40FF900AF9F7A /* Project object */;
}
